
Microsoft Visual Studio Solution File, Format Version 12.00
# Visual Studio Version 17
VisualStudioVersion = 17.0.31903.59
MinimumVisualStudioVersion = 10.0.40219.1
Project("{2150E333-8FDC-42A3-9474-1A3956D46DE8}") = "Api", "Api", "{D82C56D6-B2CD-F611-9E31-04638F7EC30E}"
EndProject
Project("{FAE04EC0-301F-11D3-BF4B-00C04F79EFBC}") = "AlmaDeMalta.Api", "Api\AlmaDeMalta.Api\AlmaDeMalta.Api.csproj", "{4F9AAA0B-B521-4389-AFA5-7DE080090288}"
EndProject
Project("{2150E333-8FDC-42A3-9474-1A3956D46DE8}") = "Common", "Common", "{881589EE-639B-0A35-DBCE-5D94E4FC90C0}"
EndProject
Project("{FAE04EC0-301F-11D3-BF4B-00C04F79EFBC}") = "AlmaDeMalta.Migrations", "Common\migrations\AlmaDeMalta.Migrations\AlmaDeMalta.Migrations.csproj", "{A4BE2836-2830-66FA-ED69-88144809733B}"
EndProject
Project("{FAE04EC0-301F-11D3-BF4B-00C04F79EFBC}") = "AlmaDeMalta.Common.Contracts", "Common\AlmaDeMalta.Common.Contracts\AlmaDeMalta.Common.Contracts.csproj", "{EAECF844-BF00-B1E3-7E70-838ED057E940}"
EndProject
Project("{FAE04EC0-301F-11D3-BF4B-00C04F79EFBC}") = "AlmaDeMalta.Common.DatabaseConnection", "Common\AlmaDeMalta.Common.DatabaseConnection\AlmaDeMalta.Common.DatabaseConnection.csproj", "{41567CAB-108F-2DFB-7238-4607B4F97FEB}"
EndProject
Global
	GlobalSection(SolutionConfigurationPlatforms) = preSolution
		Debug|Any CPU = Debug|Any CPU
		Debug|x64 = Debug|x64
		Debug|x86 = Debug|x86
		Release|Any CPU = Release|Any CPU
		Release|x64 = Release|x64
		Release|x86 = Release|x86
	EndGlobalSection
	GlobalSection(ProjectConfigurationPlatforms) = postSolution
		{4F9AAA0B-B521-4389-AFA5-7DE080090288}.Debug|Any CPU.ActiveCfg = Debug|Any CPU
		{4F9AAA0B-B521-4389-AFA5-7DE080090288}.Debug|Any CPU.Build.0 = Debug|Any CPU
		{4F9AAA0B-B521-4389-AFA5-7DE080090288}.Debug|x64.ActiveCfg = Debug|Any CPU
		{4F9AAA0B-B521-4389-AFA5-7DE080090288}.Debug|x64.Build.0 = Debug|Any CPU
		{4F9AAA0B-B521-4389-AFA5-7DE080090288}.Debug|x86.ActiveCfg = Debug|Any CPU
		{4F9AAA0B-B521-4389-AFA5-7DE080090288}.Debug|x86.Build.0 = Debug|Any CPU
		{4F9AAA0B-B521-4389-AFA5-7DE080090288}.Release|Any CPU.ActiveCfg = Release|Any CPU
		{4F9AAA0B-B521-4389-AFA5-7DE080090288}.Release|Any CPU.Build.0 = Release|Any CPU
		{4F9AAA0B-B521-4389-AFA5-7DE080090288}.Release|x64.ActiveCfg = Release|Any CPU
		{4F9AAA0B-B521-4389-AFA5-7DE080090288}.Release|x64.Build.0 = Release|Any CPU
		{4F9AAA0B-B521-4389-AFA5-7DE080090288}.Release|x86.ActiveCfg = Release|Any CPU
		{4F9AAA0B-B521-4389-AFA5-7DE080090288}.Release|x86.Build.0 = Release|Any CPU
		{A4BE2836-2830-66FA-ED69-88144809733B}.Debug|Any CPU.ActiveCfg = Debug|Any CPU
		{A4BE2836-2830-66FA-ED69-88144809733B}.Debug|Any CPU.Build.0 = Debug|Any CPU
		{A4BE2836-2830-66FA-ED69-88144809733B}.Debug|x64.ActiveCfg = Debug|Any CPU
		{A4BE2836-2830-66FA-ED69-88144809733B}.Debug|x64.Build.0 = Debug|Any CPU
		{A4BE2836-2830-66FA-ED69-88144809733B}.Debug|x86.ActiveCfg = Debug|Any CPU
		{A4BE2836-2830-66FA-ED69-88144809733B}.Debug|x86.Build.0 = Debug|Any CPU
		{A4BE2836-2830-66FA-ED69-88144809733B}.Release|Any CPU.ActiveCfg = Release|Any CPU
		{A4BE2836-2830-66FA-ED69-88144809733B}.Release|Any CPU.Build.0 = Release|Any CPU
		{A4BE2836-2830-66FA-ED69-88144809733B}.Release|x64.ActiveCfg = Release|Any CPU
		{A4BE2836-2830-66FA-ED69-88144809733B}.Release|x64.Build.0 = Release|Any CPU
		{A4BE2836-2830-66FA-ED69-88144809733B}.Release|x86.ActiveCfg = Release|Any CPU
		{A4BE2836-2830-66FA-ED69-88144809733B}.Release|x86.Build.0 = Release|Any CPU
		{EAECF844-BF00-B1E3-7E70-838ED057E940}.Debug|Any CPU.ActiveCfg = Debug|Any CPU
		{EAECF844-BF00-B1E3-7E70-838ED057E940}.Debug|Any CPU.Build.0 = Debug|Any CPU
		{EAECF844-BF00-B1E3-7E70-838ED057E940}.Debug|x64.ActiveCfg = Debug|Any CPU
		{EAECF844-BF00-B1E3-7E70-838ED057E940}.Debug|x64.Build.0 = Debug|Any CPU
		{EAECF844-BF00-B1E3-7E70-838ED057E940}.Debug|x86.ActiveCfg = Debug|Any CPU
		{EAECF844-BF00-B1E3-7E70-838ED057E940}.Debug|x86.Build.0 = Debug|Any CPU
		{EAECF844-BF00-B1E3-7E70-838ED057E940}.Release|Any CPU.ActiveCfg = Release|Any CPU
		{EAECF844-BF00-B1E3-7E70-838ED057E940}.Release|Any CPU.Build.0 = Release|Any CPU
		{EAECF844-BF00-B1E3-7E70-838ED057E940}.Release|x64.ActiveCfg = Release|Any CPU
		{EAECF844-BF00-B1E3-7E70-838ED057E940}.Release|x64.Build.0 = Release|Any CPU
		{EAECF844-BF00-B1E3-7E70-838ED057E940}.Release|x86.ActiveCfg = Release|Any CPU
		{EAECF844-BF00-B1E3-7E70-838ED057E940}.Release|x86.Build.0 = Release|Any CPU
		{41567CAB-108F-2DFB-7238-4607B4F97FEB}.Debug|Any CPU.ActiveCfg = Debug|Any CPU
		{41567CAB-108F-2DFB-7238-4607B4F97FEB}.Debug|Any CPU.Build.0 = Debug|Any CPU
		{41567CAB-108F-2DFB-7238-4607B4F97FEB}.Debug|x64.ActiveCfg = Debug|Any CPU
		{41567CAB-108F-2DFB-7238-4607B4F97FEB}.Debug|x64.Build.0 = Debug|Any CPU
		{41567CAB-108F-2DFB-7238-4607B4F97FEB}.Debug|x86.ActiveCfg = Debug|Any CPU
		{41567CAB-108F-2DFB-7238-4607B4F97FEB}.Debug|x86.Build.0 = Debug|Any CPU
		{41567CAB-108F-2DFB-7238-4607B4F97FEB}.Release|Any CPU.ActiveCfg = Release|Any CPU
		{41567CAB-108F-2DFB-7238-4607B4F97FEB}.Release|Any CPU.Build.0 = Release|Any CPU
		{41567CAB-108F-2DFB-7238-4607B4F97FEB}.Release|x64.ActiveCfg = Release|Any CPU
		{41567CAB-108F-2DFB-7238-4607B4F97FEB}.Release|x64.Build.0 = Release|Any CPU
		{41567CAB-108F-2DFB-7238-4607B4F97FEB}.Release|x86.ActiveCfg = Release|Any CPU
		{41567CAB-108F-2DFB-7238-4607B4F97FEB}.Release|x86.Build.0 = Release|Any CPU
	EndGlobalSection
	GlobalSection(SolutionProperties) = preSolution
		HideSolutionNode = FALSE
	EndGlobalSection
	GlobalSection(NestedProjects) = preSolution
		{4F9AAA0B-B521-4389-AFA5-7DE080090288} = {D82C56D6-B2CD-F611-9E31-04638F7EC30E}
		{A4BE2836-2830-66FA-ED69-88144809733B} = {881589EE-639B-0A35-DBCE-5D94E4FC90C0}
		{EAECF844-BF00-B1E3-7E70-838ED057E940} = {881589EE-639B-0A35-DBCE-5D94E4FC90C0}
		{41567CAB-108F-2DFB-7238-4607B4F97FEB} = {881589EE-639B-0A35-DBCE-5D94E4FC90C0}
	EndGlobalSection
EndGlobal
